
Microsoft Visual Studio Solution File, Format Version 12.00
# Visual Studio Version 17
VisualStudioVersion = 17.2.32630.192
MinimumVisualStudioVersion = 10.0.40219.1
Project("{9A19103F-16F7-4668-BE54-9A1E7A4F7556}") = "TransferController", "TransferController.csproj", "{03F24424-1A13-4C98-BAFF-2C8384F8D235}"
EndProject
Project("{D954291E-2A0B-460D-934E-DC6B0785DB48}") = "AlgernonCommonsPatchingShared", "..\AlgernonCommons\AlgernonCommonsPatchingShared.shproj", "{25AEF446-6F0D-43A8-BB84-D1306789B68C}"
EndProject
Project("{2150E333-8FDC-42A3-9474-1A3956D46DE8}") = "Solution Items", "Solution Items", "{7960D999-2CEB-47EE-AB22-595D417A824A}"
	ProjectSection(SolutionItems) = preProject
		.editorconfig = .editorconfig
	EndProjectSection
EndProject
Global
	GlobalSection(SolutionConfigurationPlatforms) = preSolution
		Debug|Any CPU = Debug|Any CPU
		Release|Any CPU = Release|Any CPU
	EndGlobalSection
	GlobalSection(ProjectConfigurationPlatforms) = postSolution
		{03F24424-1A13-4C98-BAFF-2C8384F8D235}.Debug|Any CPU.ActiveCfg = Debug|Any CPU
		{03F24424-1A13-4C98-BAFF-2C8384F8D235}.Debug|Any CPU.Build.0 = Debug|Any CPU
		{03F24424-1A13-4C98-BAFF-2C8384F8D235}.Release|Any CPU.ActiveCfg = Release|Any CPU
		{03F24424-1A13-4C98-BAFF-2C8384F8D235}.Release|Any CPU.Build.0 = Release|Any CPU
	EndGlobalSection
	GlobalSection(SolutionProperties) = preSolution
		HideSolutionNode = FALSE
	EndGlobalSection
	GlobalSection(ExtensibilityGlobals) = postSolution
		SolutionGuid = {EC925459-2593-4799-B832-67FDB777F0D0}
	EndGlobalSection
	GlobalSection(SharedMSBuildProjectFiles) = preSolution
		..\AlgernonCommons\AlgernonCommonsPatchingShared.projitems*{03f24424-1a13-4c98-baff-2c8384f8d235}*SharedItemsImports = 5
		..\AlgernonCommons\AlgernonCommonsPatchingShared.projitems*{25aef446-6f0d-43a8-bb84-d1306789b68c}*SharedItemsImports = 13
	EndGlobalSection
EndGlobal
