
Microsoft Visual Studio Solution File, Format Version 12.00
# Visual Studio Version 16
VisualStudioVersion = 16.0.31829.152
MinimumVisualStudioVersion = 10.0.40219.1
Project("{FAE04EC0-301F-11D3-BF4B-00C04F79EFBC}") = "TransferController", "TransferController.csproj", "{03F24424-1A13-4C98-BAFF-2C8384F8D235}"
EndProject
Global
	GlobalSection(SolutionConfigurationPlatforms) = preSolution
		Debug|Any CPU = Debug|Any CPU
		Release|Any CPU = Release|Any CPU
	EndGlobalSection
	GlobalSection(ProjectConfigurationPlatforms) = postSolution
		{03F24424-1A13-4C98-BAFF-2C8384F8D235}.Debug|Any CPU.ActiveCfg = Debug|Any CPU
		{03F24424-1A13-4C98-BAFF-2C8384F8D235}.Debug|Any CPU.Build.0 = Debug|Any CPU
		{03F24424-1A13-4C98-BAFF-2C8384F8D235}.Release|Any CPU.ActiveCfg = Release|Any CPU
		{03F24424-1A13-4C98-BAFF-2C8384F8D235}.Release|Any CPU.Build.0 = Release|Any CPU
	EndGlobalSection
	GlobalSection(SolutionProperties) = preSolution
		HideSolutionNode = FALSE
	EndGlobalSection
	GlobalSection(ExtensibilityGlobals) = postSolution
		SolutionGuid = {EC925459-2593-4799-B832-67FDB777F0D0}
	EndGlobalSection
EndGlobal
